
Microsoft Visual Studio Solution File, Format Version 12.00
# Visual Studio Version 17
VisualStudioVersion = 17.13.35828.75
MinimumVisualStudioVersion = 10.0.40219.1
Project("{FAE04EC0-301F-11D3-BF4B-00C04F79EFBC}") = "MvcMovie", "MvcMovie\MvcMovie.csproj", "{92CF218A-8786-400D-810F-15573B6B78C3}"
EndProject
Global
	GlobalSection(SolutionConfigurationPlatforms) = preSolution
		Debug|Any CPU = Debug|Any CPU
		Release|Any CPU = Release|Any CPU
	EndGlobalSection
	GlobalSection(ProjectConfigurationPlatforms) = postSolution
		{92CF218A-8786-400D-810F-15573B6B78C3}.Debug|Any CPU.ActiveCfg = Debug|Any CPU
		{92CF218A-8786-400D-810F-15573B6B78C3}.Debug|Any CPU.Build.0 = Debug|Any CPU
		{92CF218A-8786-400D-810F-15573B6B78C3}.Release|Any CPU.ActiveCfg = Release|Any CPU
		{92CF218A-8786-400D-810F-15573B6B78C3}.Release|Any CPU.Build.0 = Release|Any CPU
	EndGlobalSection
	GlobalSection(SolutionProperties) = preSolution
		HideSolutionNode = FALSE
	EndGlobalSection
	GlobalSection(ExtensibilityGlobals) = postSolution
		SolutionGuid = {07D6E87A-2C97-40A0-9FCD-547894EDB0E8}
	EndGlobalSection
EndGlobal
